
Microsoft Visual Studio Solution File, Format Version 12.00
# Visual Studio Version 17
VisualStudioVersion = 17.1.32328.378
MinimumVisualStudioVersion = 10.0.40219.1
Project("{FAE04EC0-301F-11D3-BF4B-00C04F79EFBC}") = "AssistenzaTecnica", "AssistenzaTecnica\AssistenzaTecnica.csproj", "{C6ECE75C-3E1D-4DAC-B64F-72C008FE9855}"
EndProject
Global
	GlobalSection(SolutionConfigurationPlatforms) = preSolution
		Debug|Any CPU = Debug|Any CPU
		Release|Any CPU = Release|Any CPU
	EndGlobalSection
	GlobalSection(ProjectConfigurationPlatforms) = postSolution
		{C6ECE75C-3E1D-4DAC-B64F-72C008FE9855}.Debug|Any CPU.ActiveCfg = Debug|Any CPU
		{C6ECE75C-3E1D-4DAC-B64F-72C008FE9855}.Debug|Any CPU.Build.0 = Debug|Any CPU
		{C6ECE75C-3E1D-4DAC-B64F-72C008FE9855}.Release|Any CPU.ActiveCfg = Release|Any CPU
		{C6ECE75C-3E1D-4DAC-B64F-72C008FE9855}.Release|Any CPU.Build.0 = Release|Any CPU
	EndGlobalSection
	GlobalSection(SolutionProperties) = preSolution
		HideSolutionNode = FALSE
	EndGlobalSection
	GlobalSection(ExtensibilityGlobals) = postSolution
		SolutionGuid = {0E9FC6AB-364B-4A7B-8B61-11CB8EDEDCBD}
	EndGlobalSection
EndGlobal
